
Microsoft Visual Studio Solution File, Format Version 12.00
# Visual Studio Version 17
VisualStudioVersion = 17.5.33516.290
MinimumVisualStudioVersion = 10.0.40219.1
Project("{FAE04EC0-301F-11D3-BF4B-00C04F79EFBC}") = "Parcial2_Scripting", "Parcial2_Scripting.csproj", "{973CC7C4-23AF-40FB-B253-95B6F170440C}"
EndProject
Global
	GlobalSection(SolutionConfigurationPlatforms) = preSolution
		Debug|Any CPU = Debug|Any CPU
		Release|Any CPU = Release|Any CPU
	EndGlobalSection
	GlobalSection(ProjectConfigurationPlatforms) = postSolution
		{973CC7C4-23AF-40FB-B253-95B6F170440C}.Debug|Any CPU.ActiveCfg = Debug|Any CPU
		{973CC7C4-23AF-40FB-B253-95B6F170440C}.Debug|Any CPU.Build.0 = Debug|Any CPU
		{973CC7C4-23AF-40FB-B253-95B6F170440C}.Release|Any CPU.ActiveCfg = Release|Any CPU
		{973CC7C4-23AF-40FB-B253-95B6F170440C}.Release|Any CPU.Build.0 = Release|Any CPU
	EndGlobalSection
	GlobalSection(SolutionProperties) = preSolution
		HideSolutionNode = FALSE
	EndGlobalSection
	GlobalSection(ExtensibilityGlobals) = postSolution
		SolutionGuid = {3F7FE867-899F-4DE0-AA09-0221FE05407D}
	EndGlobalSection
EndGlobal
